// !$*UTF8*$!
{
	archiveVersion = 1;
	classes = {
	};
	objectVersion = 50;
	objects = {

/* Begin PBXBuildFile section */
		3742CF7A234104B500B05D41 /* Default-568h@2x.png in Resources */ = {isa = PBXBuildFile; fileRef = 3742CF79234104B500B05D41 /* Default-568h@2x.png */; };
		3742CF7F2341065A00B05D41 /* MarkupViewController.swift in Sources */ = {isa = PBXBuildFile; fileRef = 3742CF7E2341065A00B05D41 /* MarkupViewController.swift */; };
		37551BDC23405A9E00DEAF87 /* AppDelegate.swift in Sources */ = {isa = PBXBuildFile; fileRef = 37551BDB23405A9E00DEAF87 /* AppDelegate.swift */; };
		37551BDE23405A9E00DEAF87 /* DocumentBrowserViewController.swift in Sources */ = {isa = PBXBuildFile; fileRef = 37551BDD23405A9E00DEAF87 /* DocumentBrowserViewController.swift */; };
		37551BE023405A9E00DEAF87 /* DocumentView.swift in Sources */ = {isa = PBXBuildFile; fileRef = 37551BDF23405A9E00DEAF87 /* DocumentView.swift */; };
		37551BE523405A9E00DEAF87 /* Main.storyboard in Resources */ = {isa = PBXBuildFile; fileRef = 37551BE323405A9E00DEAF87 /* Main.storyboard */; };
		37551BF823406BC200DEAF87 /* ImagingHelper.swift in Sources */ = {isa = PBXBuildFile; fileRef = 37551BF723406BC200DEAF87 /* ImagingHelper.swift */; };
		37551BFA23406C0A00DEAF87 /* ImagingHelper+ResourceLoad.swift in Sources */ = {isa = PBXBuildFile; fileRef = 37551BF923406C0A00DEAF87 /* ImagingHelper+ResourceLoad.swift */; };
		37551BFC23406D4600DEAF87 /* UIView+LayoutHelp.swift in Sources */ = {isa = PBXBuildFile; fileRef = 37551BFB23406D4600DEAF87 /* UIView+LayoutHelp.swift */; };
		37551BFE23406E0A00DEAF87 /* UIApplication+Directories.swift in Sources */ = {isa = PBXBuildFile; fileRef = 37551BFD23406E0A00DEAF87 /* UIApplication+Directories.swift */; };
		37551C0023406E8700DEAF87 /* DocumentBrowserDelegate.swift in Sources */ = {isa = PBXBuildFile; fileRef = 37551BFF23406E8700DEAF87 /* DocumentBrowserDelegate.swift */; };
		37551C03234070CA00DEAF87 /* MarkupDocument.swift in Sources */ = {isa = PBXBuildFile; fileRef = 37551C02234070CA00DEAF87 /* MarkupDocument.swift */; };
		37551C05234070F700DEAF87 /* RootViewController.swift in Sources */ = {isa = PBXBuildFile; fileRef = 37551C04234070F700DEAF87 /* RootViewController.swift */; };
		375B7B9B23411E5C0051E715 /* MarkupFramework.framework in Frameworks */ = {isa = PBXBuildFile; fileRef = 375B7B9A23411E4E0051E715 /* MarkupFramework.framework */; };
		375B7B9C23411E5C0051E715 /* MarkupFramework.framework in Embed Frameworks */ = {isa = PBXBuildFile; fileRef = 375B7B9A23411E4E0051E715 /* MarkupFramework.framework */; settings = {ATTRIBUTES = (CodeSignOnCopy, RemoveHeadersOnCopy, ); }; };
		37EEF23323414A9F0039811B /* MarkupViewController.storyboard in Resources */ = {isa = PBXBuildFile; fileRef = 37EEF23223414A9F0039811B /* MarkupViewController.storyboard */; };
		37EEF24B23414FA80039811B /* Assets.xcassets in Resources */ = {isa = PBXBuildFile; fileRef = 37EEF24923414FA80039811B /* Assets.xcassets */; };
		37EEF24C23414FA80039811B /* Colors.xcassets in Resources */ = {isa = PBXBuildFile; fileRef = 37EEF24A23414FA80039811B /* Colors.xcassets */; };
		674E78452346C9A600E56DF6 /* PDFViewController.swift in Sources */ = {isa = PBXBuildFile; fileRef = 674E78442346C9A600E56DF6 /* PDFViewController.swift */; };
/* End PBXBuildFile section */

/* Begin PBXContainerItemProxy section */
		375B7B9923411E4E0051E715 /* PBXContainerItemProxy */ = {
			isa = PBXContainerItemProxy;
			containerPortal = 375B7B9523411E4E0051E715 /* MarkupFramework.xcodeproj */;
			proxyType = 2;
			remoteGlobalIDString = 375F277F2341182200EAB985;
			remoteInfo = MarkupFramework;
		};
		6FC648CC23426378005437A8 /* PBXContainerItemProxy */ = {
			isa = PBXContainerItemProxy;
			containerPortal = 375B7B9523411E4E0051E715 /* MarkupFramework.xcodeproj */;
			proxyType = 2;
			remoteGlobalIDString = 6FC648BF2342630A005437A8;
			remoteInfo = ShortStrawThumbnail;
		};
/* End PBXContainerItemProxy section */

/* Begin PBXCopyFilesBuildPhase section */
		375F27C223411C9800EAB985 /* Embed Frameworks */ = {
			isa = PBXCopyFilesBuildPhase;
			buildActionMask = 2147483647;
			dstPath = "";
			dstSubfolderSpec = 10;
			files = (
				375B7B9C23411E5C0051E715 /* MarkupFramework.framework in Embed Frameworks */,
			);
			name = "Embed Frameworks";
			runOnlyForDeploymentPostprocessing = 0;
		};
		6FC648B823426130005437A8 /* Embed App Extensions */ = {
			isa = PBXCopyFilesBuildPhase;
			buildActionMask = 2147483647;
			dstPath = "";
			dstSubfolderSpec = 13;
			files = (
			);
			name = "Embed App Extensions";
			runOnlyForDeploymentPostprocessing = 0;
		};
/* End PBXCopyFilesBuildPhase section */

/* Begin PBXFileReference section */
		3742CF79234104B500B05D41 /* Default-568h@2x.png */ = {isa = PBXFileReference; lastKnownFileType = image.png; path = "Default-568h@2x.png"; sourceTree = "<group>"; };
		3742CF7E2341065A00B05D41 /* MarkupViewController.swift */ = {isa = PBXFileReference; lastKnownFileType = sourcecode.swift; path = MarkupViewController.swift; sourceTree = "<group>"; };
		37551BD823405A9E00DEAF87 /* ShortStrawsProject.app */ = {isa = PBXFileReference; explicitFileType = wrapper.application; includeInIndex = 0; path = ShortStrawsProject.app; sourceTree = BUILT_PRODUCTS_DIR; };
		37551BDB23405A9E00DEAF87 /* AppDelegate.swift */ = {isa = PBXFileReference; lastKnownFileType = sourcecode.swift; path = AppDelegate.swift; sourceTree = "<group>"; };
		37551BDD23405A9E00DEAF87 /* DocumentBrowserViewController.swift */ = {isa = PBXFileReference; lastKnownFileType = sourcecode.swift; path = DocumentBrowserViewController.swift; sourceTree = "<group>"; };
		37551BDF23405A9E00DEAF87 /* DocumentView.swift */ = {isa = PBXFileReference; lastKnownFileType = sourcecode.swift; path = DocumentView.swift; sourceTree = "<group>"; };
		37551BE423405A9E00DEAF87 /* Base */ = {isa = PBXFileReference; lastKnownFileType = file.storyboard; name = Base; path = Base.lproj/Main.storyboard; sourceTree = "<group>"; };
		37551BF723406BC200DEAF87 /* ImagingHelper.swift */ = {isa = PBXFileReference; lastKnownFileType = sourcecode.swift; path = ImagingHelper.swift; sourceTree = "<group>"; };
		37551BF923406C0A00DEAF87 /* ImagingHelper+ResourceLoad.swift */ = {isa = PBXFileReference; lastKnownFileType = sourcecode.swift; path = "ImagingHelper+ResourceLoad.swift"; sourceTree = "<group>"; };
		37551BFB23406D4600DEAF87 /* UIView+LayoutHelp.swift */ = {isa = PBXFileReference; lastKnownFileType = sourcecode.swift; path = "UIView+LayoutHelp.swift"; sourceTree = "<group>"; };
		37551BFD23406E0A00DEAF87 /* UIApplication+Directories.swift */ = {isa = PBXFileReference; lastKnownFileType = sourcecode.swift; path = "UIApplication+Directories.swift"; sourceTree = "<group>"; };
		37551BFF23406E8700DEAF87 /* DocumentBrowserDelegate.swift */ = {isa = PBXFileReference; lastKnownFileType = sourcecode.swift; path = DocumentBrowserDelegate.swift; sourceTree = "<group>"; };
		37551C02234070CA00DEAF87 /* MarkupDocument.swift */ = {isa = PBXFileReference; lastKnownFileType = sourcecode.swift; path = MarkupDocument.swift; sourceTree = "<group>"; };
		37551C04234070F700DEAF87 /* RootViewController.swift */ = {isa = PBXFileReference; lastKnownFileType = sourcecode.swift; path = RootViewController.swift; sourceTree = "<group>"; };
		375B7B9523411E4E0051E715 /* MarkupFramework.xcodeproj */ = {isa = PBXFileReference; lastKnownFileType = "wrapper.pb-project"; name = MarkupFramework.xcodeproj; path = MarkupFramework/MarkupFramework.xcodeproj; sourceTree = "<group>"; };
		37EEF23223414A9F0039811B /* MarkupViewController.storyboard */ = {isa = PBXFileReference; fileEncoding = 4; lastKnownFileType = file.storyboard; path = MarkupViewController.storyboard; sourceTree = "<group>"; };
		37EEF24823414EBF0039811B /* Info.plist */ = {isa = PBXFileReference; fileEncoding = 4; lastKnownFileType = text.plist.xml; name = Info.plist; path = ../Info.plist; sourceTree = "<group>"; };
		37EEF24923414FA80039811B /* Assets.xcassets */ = {isa = PBXFileReference; lastKnownFileType = folder.assetcatalog; path = Assets.xcassets; sourceTree = "<group>"; };
		37EEF24A23414FA80039811B /* Colors.xcassets */ = {isa = PBXFileReference; lastKnownFileType = folder.assetcatalog; path = Colors.xcassets; sourceTree = "<group>"; };
		674E78442346C9A600E56DF6 /* PDFViewController.swift */ = {isa = PBXFileReference; lastKnownFileType = sourcecode.swift; path = PDFViewController.swift; sourceTree = "<group>"; };
		6FC648AC23426130005437A8 /* QuickLookThumbnailing.framework */ = {isa = PBXFileReference; lastKnownFileType = wrapper.framework; name = QuickLookThumbnailing.framework; path = System/Library/Frameworks/QuickLookThumbnailing.framework; sourceTree = SDKROOT; };
/* End PBXFileReference section */

/* Begin PBXFrameworksBuildPhase section */
		37551BD523405A9E00DEAF87 /* Frameworks */ = {
			isa = PBXFrameworksBuildPhase;
			buildActionMask = 2147483647;
			files = (
				375B7B9B23411E5C0051E715 /* MarkupFramework.framework in Frameworks */,
			);
			runOnlyForDeploymentPostprocessing = 0;
		};
/* End PBXFrameworksBuildPhase section */

/* Begin PBXGroup section */
		3742CF722341036100B05D41 /* ShortStraws */ = {
			isa = PBXGroup;
			children = (
				37EEF24823414EBF0039811B /* Info.plist */,
				3742CF75234103C100B05D41 /* Resources */,
				3742CF7B234104DC00B05D41 /* Primary Views */,
				3742CF782341048800B05D41 /* UIDocument Mechanics */,
				3742CF772341040300B05D41 /* Helpers */,
				3742CF76234103ED00B05D41 /* Infrastructure */,
			);
			path = ShortStraws;
			sourceTree = "<group>";
		};
		3742CF75234103C100B05D41 /* Resources */ = {
			isa = PBXGroup;
			children = (
				37EEF24923414FA80039811B /* Assets.xcassets */,
				37EEF24A23414FA80039811B /* Colors.xcassets */,
			);
			path = Resources;
			sourceTree = "<group>";
		};
		3742CF76234103ED00B05D41 /* Infrastructure */ = {
			isa = PBXGroup;
			children = (
				37551BDB23405A9E00DEAF87 /* AppDelegate.swift */,
				37551C02234070CA00DEAF87 /* MarkupDocument.swift */,
			);
			path = Infrastructure;
			sourceTree = "<group>";
		};
		3742CF772341040300B05D41 /* Helpers */ = {
			isa = PBXGroup;
			children = (
				37551BF723406BC200DEAF87 /* ImagingHelper.swift */,
				37551BF923406C0A00DEAF87 /* ImagingHelper+ResourceLoad.swift */,
				37551BFB23406D4600DEAF87 /* UIView+LayoutHelp.swift */,
				37551BFD23406E0A00DEAF87 /* UIApplication+Directories.swift */,
			);
			path = Helpers;
			sourceTree = "<group>";
		};
		3742CF782341048800B05D41 /* UIDocument Mechanics */ = {
			isa = PBXGroup;
			children = (
				37551BDD23405A9E00DEAF87 /* DocumentBrowserViewController.swift */,
				37551BDF23405A9E00DEAF87 /* DocumentView.swift */,
				37551BFF23406E8700DEAF87 /* DocumentBrowserDelegate.swift */,
			);
			path = "UIDocument Mechanics";
			sourceTree = "<group>";
		};
		3742CF7B234104DC00B05D41 /* Primary Views */ = {
			isa = PBXGroup;
			children = (
				37EEF23223414A9F0039811B /* MarkupViewController.storyboard */,
				3742CF7E2341065A00B05D41 /* MarkupViewController.swift */,
				37551C04234070F700DEAF87 /* RootViewController.swift */,
				37551BE323405A9E00DEAF87 /* Main.storyboard */,
				674E78442346C9A600E56DF6 /* PDFViewController.swift */,
			);
			path = "Primary Views";
			sourceTree = "<group>";
		};
		37551BCF23405A9E00DEAF87 = {
			isa = PBXGroup;
			children = (
				375B7B9523411E4E0051E715 /* MarkupFramework.xcodeproj */,
				3742CF79234104B500B05D41 /* Default-568h@2x.png */,
				3742CF722341036100B05D41 /* ShortStraws */,
				37551BD923405A9E00DEAF87 /* Products */,
				375F27BB23411C5000EAB985 /* Frameworks */,
			);
			sourceTree = "<group>";
		};
		37551BD923405A9E00DEAF87 /* Products */ = {
			isa = PBXGroup;
			children = (
				37551BD823405A9E00DEAF87 /* ShortStrawsProject.app */,
			);
			name = Products;
			sourceTree = "<group>";
		};
		375B7B9623411E4E0051E715 /* Products */ = {
			isa = PBXGroup;
			children = (
				375B7B9A23411E4E0051E715 /* MarkupFramework.framework */,
				6FC648CD23426378005437A8 /* ShortStrawThumbnail.appex */,
			);
			name = Products;
			sourceTree = "<group>";
		};
		375F27BB23411C5000EAB985 /* Frameworks */ = {
			isa = PBXGroup;
			children = (
				6FC648AC23426130005437A8 /* QuickLookThumbnailing.framework */,
			);
			name = Frameworks;
			sourceTree = "<group>";
		};
/* End PBXGroup section */

/* Begin PBXNativeTarget section */
		37551BD723405A9E00DEAF87 /* ShortStrawsProject */ = {
			isa = PBXNativeTarget;
			buildConfigurationList = 37551BEE23405AA000DEAF87 /* Build configuration list for PBXNativeTarget "ShortStrawsProject" */;
			buildPhases = (
				37551BD423405A9E00DEAF87 /* Sources */,
				37551BD523405A9E00DEAF87 /* Frameworks */,
				37551BD623405A9E00DEAF87 /* Resources */,
				375F27C223411C9800EAB985 /* Embed Frameworks */,
				6FC648B823426130005437A8 /* Embed App Extensions */,
			);
			buildRules = (
			);
			dependencies = (
			);
			name = ShortStrawsProject;
			productName = ShortStrawsProject;
			productReference = 37551BD823405A9E00DEAF87 /* ShortStrawsProject.app */;
			productType = "com.apple.product-type.application";
		};
/* End PBXNativeTarget section */

/* Begin PBXProject section */
		37551BD023405A9E00DEAF87 /* Project object */ = {
			isa = PBXProject;
			attributes = {
				LastSwiftUpdateCheck = 1100;
				LastUpgradeCheck = 1100;
				ORGANIZATIONNAME = "Greg Schloemer";
				TargetAttributes = {
					37551BD723405A9E00DEAF87 = {
						CreatedOnToolsVersion = 11.0;
					};
				};
			};
			buildConfigurationList = 37551BD323405A9E00DEAF87 /* Build configuration list for PBXProject "ShortStrawsProject" */;
			compatibilityVersion = "Xcode 9.3";
			developmentRegion = en;
			hasScannedForEncodings = 0;
			knownRegions = (
				en,
				Base,
			);
			mainGroup = 37551BCF23405A9E00DEAF87;
			productRefGroup = 37551BD923405A9E00DEAF87 /* Products */;
			projectDirPath = "";
			projectReferences = (
				{
					ProductGroup = 375B7B9623411E4E0051E715 /* Products */;
					ProjectRef = 375B7B9523411E4E0051E715 /* MarkupFramework.xcodeproj */;
				},
			);
			projectRoot = "";
			targets = (
				37551BD723405A9E00DEAF87 /* ShortStrawsProject */,
			);
		};
/* End PBXProject section */

/* Begin PBXReferenceProxy section */
		375B7B9A23411E4E0051E715 /* MarkupFramework.framework */ = {
			isa = PBXReferenceProxy;
			fileType = wrapper.framework;
			path = MarkupFramework.framework;
			remoteRef = 375B7B9923411E4E0051E715 /* PBXContainerItemProxy */;
			sourceTree = BUILT_PRODUCTS_DIR;
		};
		6FC648CD23426378005437A8 /* ShortStrawThumbnail.appex */ = {
			isa = PBXReferenceProxy;
			fileType = "wrapper.app-extension";
			path = ShortStrawThumbnail.appex;
			remoteRef = 6FC648CC23426378005437A8 /* PBXContainerItemProxy */;
			sourceTree = BUILT_PRODUCTS_DIR;
		};
/* End PBXReferenceProxy section */

/* Begin PBXResourcesBuildPhase section */
		37551BD623405A9E00DEAF87 /* Resources */ = {
			isa = PBXResourcesBuildPhase;
			buildActionMask = 2147483647;
			files = (
				37EEF24C23414FA80039811B /* Colors.xcassets in Resources */,
				37EEF23323414A9F0039811B /* MarkupViewController.storyboard in Resources */,
				3742CF7A234104B500B05D41 /* Default-568h@2x.png in Resources */,
				37EEF24B23414FA80039811B /* Assets.xcassets in Resources */,
				37551BE523405A9E00DEAF87 /* Main.storyboard in Resources */,
			);
			runOnlyForDeploymentPostprocessing = 0;
		};
/* End PBXResourcesBuildPhase section */

/* Begin PBXSourcesBuildPhase section */
		37551BD423405A9E00DEAF87 /* Sources */ = {
			isa = PBXSourcesBuildPhase;
			buildActionMask = 2147483647;
			files = (
				3742CF7F2341065A00B05D41 /* MarkupViewController.swift in Sources */,
				37551BFE23406E0A00DEAF87 /* UIApplication+Directories.swift in Sources */,
				37551C03234070CA00DEAF87 /* MarkupDocument.swift in Sources */,
				37551BDE23405A9E00DEAF87 /* DocumentBrowserViewController.swift in Sources */,
				37551C05234070F700DEAF87 /* RootViewController.swift in Sources */,
				37551BE023405A9E00DEAF87 /* DocumentView.swift in Sources */,
				37551BFA23406C0A00DEAF87 /* ImagingHelper+ResourceLoad.swift in Sources */,
				37551BF823406BC200DEAF87 /* ImagingHelper.swift in Sources */,
				37551C0023406E8700DEAF87 /* DocumentBrowserDelegate.swift in Sources */,
				37551BFC23406D4600DEAF87 /* UIView+LayoutHelp.swift in Sources */,
				674E78452346C9A600E56DF6 /* PDFViewController.swift in Sources */,
				37551BDC23405A9E00DEAF87 /* AppDelegate.swift in Sources */,
			);
			runOnlyForDeploymentPostprocessing = 0;
		};
/* End PBXSourcesBuildPhase section */

/* Begin PBXVariantGroup section */
		37551BE323405A9E00DEAF87 /* Main.storyboard */ = {
			isa = PBXVariantGroup;
			children = (
				37551BE423405A9E00DEAF87 /* Base */,
			);
			name = Main.storyboard;
			sourceTree = "<group>";
		};
/* End PBXVariantGroup section */

/* Begin XCBuildConfiguration section */
		37551BEC23405AA000DEAF87 /* Debug */ = {
			isa = XCBuildConfiguration;
			buildSettings = {
				ALWAYS_SEARCH_USER_PATHS = NO;
				CLANG_ANALYZER_NONNULL = YES;
				CLANG_ANALYZER_NUMBER_OBJECT_CONVERSION = YES_AGGRESSIVE;
				CLANG_CXX_LANGUAGE_STANDARD = "gnu++14";
				CLANG_CXX_LIBRARY = "libc++";
				CLANG_ENABLE_MODULES = YES;
				CLANG_ENABLE_OBJC_ARC = YES;
				CLANG_ENABLE_OBJC_WEAK = YES;
				CLANG_WARN_BLOCK_CAPTURE_AUTORELEASING = YES;
				CLANG_WARN_BOOL_CONVERSION = YES;
				CLANG_WARN_COMMA = YES;
				CLANG_WARN_CONSTANT_CONVERSION = YES;
				CLANG_WARN_DEPRECATED_OBJC_IMPLEMENTATIONS = YES;
				CLANG_WARN_DIRECT_OBJC_ISA_USAGE = YES_ERROR;
				CLANG_WARN_DOCUMENTATION_COMMENTS = YES;
				CLANG_WARN_EMPTY_BODY = YES;
				CLANG_WARN_ENUM_CONVERSION = YES;
				CLANG_WARN_INFINITE_RECURSION = YES;
				CLANG_WARN_INT_CONVERSION = YES;
				CLANG_WARN_NON_LITERAL_NULL_CONVERSION = YES;
				CLANG_WARN_OBJC_IMPLICIT_RETAIN_SELF = YES;
				CLANG_WARN_OBJC_LITERAL_CONVERSION = YES;
				CLANG_WARN_OBJC_ROOT_CLASS = YES_ERROR;
				CLANG_WARN_RANGE_LOOP_ANALYSIS = YES;
				CLANG_WARN_STRICT_PROTOTYPES = YES;
				CLANG_WARN_SUSPICIOUS_MOVE = YES;
				CLANG_WARN_UNGUARDED_AVAILABILITY = YES_AGGRESSIVE;
				CLANG_WARN_UNREACHABLE_CODE = YES;
				CLANG_WARN__DUPLICATE_METHOD_MATCH = YES;
				COPY_PHASE_STRIP = NO;
				DEBUG_INFORMATION_FORMAT = dwarf;
				ENABLE_STRICT_OBJC_MSGSEND = YES;
				ENABLE_TESTABILITY = YES;
				GCC_C_LANGUAGE_STANDARD = gnu11;
				GCC_DYNAMIC_NO_PIC = NO;
				GCC_NO_COMMON_BLOCKS = YES;
				GCC_OPTIMIZATION_LEVEL = 0;
				GCC_PREPROCESSOR_DEFINITIONS = (
					"DEBUG=1",
					"$(inherited)",
				);
				GCC_WARN_64_TO_32_BIT_CONVERSION = YES;
				GCC_WARN_ABOUT_RETURN_TYPE = YES_ERROR;
				GCC_WARN_UNDECLARED_SELECTOR = YES;
				GCC_WARN_UNINITIALIZED_AUTOS = YES_AGGRESSIVE;
				GCC_WARN_UNUSED_FUNCTION = YES;
				GCC_WARN_UNUSED_VARIABLE = YES;
				IPHONEOS_DEPLOYMENT_TARGET = 13.0;
				MTL_ENABLE_DEBUG_INFO = INCLUDE_SOURCE;
				MTL_FAST_MATH = YES;
				ONLY_ACTIVE_ARCH = YES;
				SDKROOT = iphoneos;
				SWIFT_ACTIVE_COMPILATION_CONDITIONS = DEBUG;
				SWIFT_OPTIMIZATION_LEVEL = "-Onone";
			};
			name = Debug;
		};
		37551BED23405AA000DEAF87 /* Release */ = {
			isa = XCBuildConfiguration;
			buildSettings = {
				ALWAYS_SEARCH_USER_PATHS = NO;
				CLANG_ANALYZER_NONNULL = YES;
				CLANG_ANALYZER_NUMBER_OBJECT_CONVERSION = YES_AGGRESSIVE;
				CLANG_CXX_LANGUAGE_STANDARD = "gnu++14";
				CLANG_CXX_LIBRARY = "libc++";
				CLANG_ENABLE_MODULES = YES;
				CLANG_ENABLE_OBJC_ARC = YES;
				CLANG_ENABLE_OBJC_WEAK = YES;
				CLANG_WARN_BLOCK_CAPTURE_AUTORELEASING = YES;
				CLANG_WARN_BOOL_CONVERSION = YES;
				CLANG_WARN_COMMA = YES;
				CLANG_WARN_CONSTANT_CONVERSION = YES;
				CLANG_WARN_DEPRECATED_OBJC_IMPLEMENTATIONS = YES;
				CLANG_WARN_DIRECT_OBJC_ISA_USAGE = YES_ERROR;
				CLANG_WARN_DOCUMENTATION_COMMENTS = YES;
				CLANG_WARN_EMPTY_BODY = YES;
				CLANG_WARN_ENUM_CONVERSION = YES;
				CLANG_WARN_INFINITE_RECURSION = YES;
				CLANG_WARN_INT_CONVERSION = YES;
				CLANG_WARN_NON_LITERAL_NULL_CONVERSION = YES;
				CLANG_WARN_OBJC_IMPLICIT_RETAIN_SELF = YES;
				CLANG_WARN_OBJC_LITERAL_CONVERSION = YES;
				CLANG_WARN_OBJC_ROOT_CLASS = YES_ERROR;
				CLANG_WARN_RANGE_LOOP_ANALYSIS = YES;
				CLANG_WARN_STRICT_PROTOTYPES = YES;
				CLANG_WARN_SUSPICIOUS_MOVE = YES;
				CLANG_WARN_UNGUARDED_AVAILABILITY = YES_AGGRESSIVE;
				CLANG_WARN_UNREACHABLE_CODE = YES;
				CLANG_WARN__DUPLICATE_METHOD_MATCH = YES;
				COPY_PHASE_STRIP = NO;
				DEBUG_INFORMATION_FORMAT = "dwarf-with-dsym";
				ENABLE_NS_ASSERTIONS = NO;
				ENABLE_STRICT_OBJC_MSGSEND = YES;
				GCC_C_LANGUAGE_STANDARD = gnu11;
				GCC_NO_COMMON_BLOCKS = YES;
				GCC_WARN_64_TO_32_BIT_CONVERSION = YES;
				GCC_WARN_ABOUT_RETURN_TYPE = YES_ERROR;
				GCC_WARN_UNDECLARED_SELECTOR = YES;
				GCC_WARN_UNINITIALIZED_AUTOS = YES_AGGRESSIVE;
				GCC_WARN_UNUSED_FUNCTION = YES;
				GCC_WARN_UNUSED_VARIABLE = YES;
				IPHONEOS_DEPLOYMENT_TARGET = 13.0;
				MTL_ENABLE_DEBUG_INFO = NO;
				MTL_FAST_MATH = YES;
				SDKROOT = iphoneos;
				SWIFT_COMPILATION_MODE = wholemodule;
				SWIFT_OPTIMIZATION_LEVEL = "-O";
				VALIDATE_PRODUCT = YES;
			};
			name = Release;
		};
		37551BEF23405AA000DEAF87 /* Debug */ = {
			isa = XCBuildConfiguration;
			buildSettings = {
				ALWAYS_EMBED_SWIFT_STANDARD_LIBRARIES = YES;
				ASSETCATALOG_COMPILER_APPICON_NAME = AppIcon;
				CODE_SIGN_STYLE = Automatic;
				DEVELOPMENT_TEAM = 4A9CLK2HY3;
				FRAMEWORK_SEARCH_PATHS = (
					"$(inherited)",
					"$(PROJECT_DIR)",
				);
				INFOPLIST_FILE = "$(SRCROOT)/Info.plist";
				LD_RUNPATH_SEARCH_PATHS = (
					"$(inherited)",
					"@executable_path/Frameworks",
				);
				PRODUCT_BUNDLE_IDENTIFIER = ukyasdas;
				PRODUCT_NAME = "$(TARGET_NAME)";
				SWIFT_VERSION = 5.0;
				TARGETED_DEVICE_FAMILY = "1,2";
			};
			name = Debug;
		};
		37551BF023405AA000DEAF87 /* Release */ = {
			isa = XCBuildConfiguration;
			buildSettings = {
				ALWAYS_EMBED_SWIFT_STANDARD_LIBRARIES = YES;
				ASSETCATALOG_COMPILER_APPICON_NAME = AppIcon;
				CODE_SIGN_STYLE = Automatic;
				DEVELOPMENT_TEAM = 4A9CLK2HY3;
				FRAMEWORK_SEARCH_PATHS = (
					"$(inherited)",
					"$(PROJECT_DIR)",
				);
				INFOPLIST_FILE = "$(SRCROOT)/Info.plist";
				LD_RUNPATH_SEARCH_PATHS = (
					"$(inherited)",
					"@executable_path/Frameworks",
				);
				PRODUCT_BUNDLE_IDENTIFIER = ukyasdas;
				PRODUCT_NAME = "$(TARGET_NAME)";
				SWIFT_VERSION = 5.0;
				TARGETED_DEVICE_FAMILY = "1,2";
			};
			name = Release;
		};
/* End XCBuildConfiguration section */

/* Begin XCConfigurationList section */
		37551BD323405A9E00DEAF87 /* Build configuration list for PBXProject "ShortStrawsProject" */ = {
			isa = XCConfigurationList;
			buildConfigurations = (
				37551BEC23405AA000DEAF87 /* Debug */,
				37551BED23405AA000DEAF87 /* Release */,
			);
			defaultConfigurationIsVisible = 0;
			defaultConfigurationName = Release;
		};
		37551BEE23405AA000DEAF87 /* Build configuration list for PBXNativeTarget "ShortStrawsProject" */ = {
			isa = XCConfigurationList;
			buildConfigurations = (
				37551BEF23405AA000DEAF87 /* Debug */,
				37551BF023405AA000DEAF87 /* Release */,
			);
			defaultConfigurationIsVisible = 0;
			defaultConfigurationName = Release;
		};
/* End XCConfigurationList section */
	};
	rootObject = 37551BD023405A9E00DEAF87 /* Project object */;
}
